
Microsoft Visual Studio Solution File, Format Version 12.00
# Visual Studio Version 16
VisualStudioVersion = 16.0.30406.217
MinimumVisualStudioVersion = 10.0.40219.1
Project("{8BC9CEB8-8B4A-11D0-8D11-00A0C91BC942}") = "10_1(osn)", "10_1(osn)\10_1(osn).vcxproj", "{A1F3D87D-A0E1-40AC-9143-3310D80BA65F}"
EndProject
Global
	GlobalSection(SolutionConfigurationPlatforms) = preSolution
		Debug|x64 = Debug|x64
		Debug|x86 = Debug|x86
		Release|x64 = Release|x64
		Release|x86 = Release|x86
	EndGlobalSection
	GlobalSection(ProjectConfigurationPlatforms) = postSolution
		{A1F3D87D-A0E1-40AC-9143-3310D80BA65F}.Debug|x64.ActiveCfg = Debug|x64
		{A1F3D87D-A0E1-40AC-9143-3310D80BA65F}.Debug|x64.Build.0 = Debug|x64
		{A1F3D87D-A0E1-40AC-9143-3310D80BA65F}.Debug|x86.ActiveCfg = Debug|Win32
		{A1F3D87D-A0E1-40AC-9143-3310D80BA65F}.Debug|x86.Build.0 = Debug|Win32
		{A1F3D87D-A0E1-40AC-9143-3310D80BA65F}.Release|x64.ActiveCfg = Release|x64
		{A1F3D87D-A0E1-40AC-9143-3310D80BA65F}.Release|x64.Build.0 = Release|x64
		{A1F3D87D-A0E1-40AC-9143-3310D80BA65F}.Release|x86.ActiveCfg = Release|Win32
		{A1F3D87D-A0E1-40AC-9143-3310D80BA65F}.Release|x86.Build.0 = Release|Win32
	EndGlobalSection
	GlobalSection(SolutionProperties) = preSolution
		HideSolutionNode = FALSE
	EndGlobalSection
	GlobalSection(ExtensibilityGlobals) = postSolution
		SolutionGuid = {421D5645-597D-465E-AD76-AD4AD12B55C1}
	EndGlobalSection
EndGlobal
